
Microsoft Visual Studio Solution File, Format Version 12.00
# Visual Studio Version 17
VisualStudioVersion = 17.7.34024.191
MinimumVisualStudioVersion = 10.0.40219.1
Project("{9A19103F-16F7-4668-BE54-9A1E7A4F7556}") = "HybridRedisCacheLoadTest", "HybridRedisCacheLoadTest\HybridRedisCacheLoadTest.csproj", "{DAAAC5F6-7113-4F6D-A114-A5C4FD30FFDE}"
EndProject
Global
	GlobalSection(SolutionConfigurationPlatforms) = preSolution
		Debug|Any CPU = Debug|Any CPU
		Release|Any CPU = Release|Any CPU
	EndGlobalSection
	GlobalSection(ProjectConfigurationPlatforms) = postSolution
		{DAAAC5F6-7113-4F6D-A114-A5C4FD30FFDE}.Debug|Any CPU.ActiveCfg = Debug|Any CPU
		{DAAAC5F6-7113-4F6D-A114-A5C4FD30FFDE}.Debug|Any CPU.Build.0 = Debug|Any CPU
		{DAAAC5F6-7113-4F6D-A114-A5C4FD30FFDE}.Release|Any CPU.ActiveCfg = Release|Any CPU
		{DAAAC5F6-7113-4F6D-A114-A5C4FD30FFDE}.Release|Any CPU.Build.0 = Release|Any CPU
	EndGlobalSection
	GlobalSection(SolutionProperties) = preSolution
		HideSolutionNode = FALSE
	EndGlobalSection
	GlobalSection(ExtensibilityGlobals) = postSolution
		SolutionGuid = {859AF0D0-B0D2-47DC-B68E-E6447D5EE2C9}
	EndGlobalSection
EndGlobal
